<?xml version="1.0" encoding="utf-8"?>
<Project ToolsVersion="4.0" xmlns="http://schemas.microsoft.com/developer/msbuild/2003">
  <ItemGroup>
    <ClCompile Include="Game.cpp">
      <Filter>Source Files</Filter>
    </ClCompile>
    <ClCompile Include="Armor.cpp">
      <Filter>Source Files\Model\GameObjects\Items</Filter>
    </ClCompile>
    <ClCompile Include="Character.cpp">
      <Filter>Source Files\Model\GameObjects\Characters</Filter>
    </ClCompile>
    <ClCompile Include="ExploringState.cpp">
      <Filter>Source Files\States</Filter>
    </ClCompile>
    <ClCompile Include="FightingState.cpp">
      <Filter>Source Files\States</Filter>
    </ClCompile>
    <ClCompile Include="Floor.cpp">
      <Filter>Source Files\Model\World</Filter>
    </ClCompile>
    <ClCompile Include="GameObject.cpp">
      <Filter>Source Files\Model\GameObjects</Filter>
    </ClCompile>
    <ClCompile Include="GameObjectFactory.cpp">
      <Filter>Source Files\Model\GameObjects</Filter>
    </ClCompile>
    <ClCompile Include="GameState.cpp">
      <Filter>Source Files\States</Filter>
    </ClCompile>
    <ClCompile Include="GameStateManager.cpp">
      <Filter>Source Files\States</Filter>
    </ClCompile>
    <ClCompile Include="Item.cpp">
      <Filter>Source Files\Model\GameObjects\Items</Filter>
    </ClCompile>
    <ClCompile Include="ItemType.cpp">
      <Filter>Source Files\Model\GameObjects\Items</Filter>
    </ClCompile>
    <ClCompile Include="Medkit.cpp">
      <Filter>Source Files\Model\GameObjects\Items</Filter>
    </ClCompile>
    <ClCompile Include="Scenery.cpp">
      <Filter>Source Files\Model\GameObjects\Scenery</Filter>
    </ClCompile>
    <ClCompile Include="NPC.cpp">
      <Filter>Source Files\Model\GameObjects\Characters</Filter>
    </ClCompile>
    <ClCompile Include="Player.cpp">
      <Filter>Source Files\Model\GameObjects\Characters</Filter>
    </ClCompile>
    <ClCompile Include="Room.cpp">
      <Filter>Source Files\Model\World</Filter>
    </ClCompile>
    <ClCompile Include="MainMenuState.cpp">
      <Filter>Source Files\States</Filter>
    </ClCompile>
    <ClCompile Include="Trap.cpp">
      <Filter>Source Files\Model\GameObjects\Traps</Filter>
    </ClCompile>
    <ClCompile Include="Usable.cpp">
      <Filter>Source Files\Model\GameObjects\Items</Filter>
    </ClCompile>
    <ClCompile Include="Weapon.cpp">
      <Filter>Source Files\Model\GameObjects\Items</Filter>
    </ClCompile>
    <ClCompile Include="Wearable.cpp">
      <Filter>Source Files\Model\GameObjects\Items</Filter>
    </ClCompile>
    <ClCompile Include="World.cpp">
      <Filter>Source Files\Model\World</Filter>
    </ClCompile>
    <ClCompile Include="stdafx.cpp">
      <Filter>Source Files\Bin</Filter>
    </ClCompile>
    <ClCompile Include="NPCType.cpp">
      <Filter>Source Files\Model\GameObjects\Characters</Filter>
    </ClCompile>
    <ClCompile Include="TempleOfDoom.cpp">
      <Filter>Source Files</Filter>
    </ClCompile>
    <ClCompile Include="MapState.cpp">
      <Filter>Source Files\States</Filter>
    </ClCompile>
    <ClCompile Include="tinyxml2.cpp">
      <Filter>Source Files\Helpers</Filter>
    </ClCompile>
    <ClCompile Include="Options.cpp">
      <Filter>Source Files\Helpers</Filter>
    </ClCompile>
    <ClCompile Include="InputHandler.cpp">
      <Filter>Source Files\Helpers</Filter>
    </ClCompile>
    <ClCompile Include="InventoryState.cpp">
      <Filter>Source Files\States</Filter>
    </ClCompile>
    <ClCompile Include="Random.cpp">
      <Filter>Source Files\Helpers</Filter>
    </ClCompile>
    <ClCompile Include="EndBoss.cpp">
      <Filter>Source Files\Model\GameObjects\Characters</Filter>
    </ClCompile>
    <ClCompile Include="GameOverState.cpp">
      <Filter>Source Files\States</Filter>
    </ClCompile>
    <ClCompile Include="CreditsState.cpp">
      <Filter>Source Files\States</Filter>
    </ClCompile>
  </ItemGroup>
  <ItemGroup>
    <ClInclude Include="Game.h">
      <Filter>Header Files</Filter>
    </ClInclude>
    <ClInclude Include="Armor.h">
      <Filter>Header Files\Model\GameObjects\Items</Filter>
    </ClInclude>
    <ClInclude Include="Character.h">
      <Filter>Header Files\Model\GameObjects\Characters</Filter>
    </ClInclude>
    <ClInclude Include="Direction.h">
      <Filter>Header Files\Model\Enums</Filter>
    </ClInclude>
    <ClInclude Include="ExploringState.h">
      <Filter>Header Files\States</Filter>
    </ClInclude>
    <ClInclude Include="FightingState.h">
      <Filter>Header Files\States</Filter>
    </ClInclude>
    <ClInclude Include="Floor.h">
      <Filter>Header Files\Model\World</Filter>
    </ClInclude>
    <ClInclude Include="GameObject.h">
      <Filter>Header Files\Model\GameObjects</Filter>
    </ClInclude>
    <ClInclude Include="GameObjectFactory.h">
      <Filter>Header Files\Model\GameObjects</Filter>
    </ClInclude>
    <ClInclude Include="GameState.h">
      <Filter>Header Files\States</Filter>
    </ClInclude>
    <ClInclude Include="GameStateManager.h">
      <Filter>Header Files\States</Filter>
    </ClInclude>
    <ClInclude Include="Item.h">
      <Filter>Header Files\Model\GameObjects\Items</Filter>
    </ClInclude>
    <ClInclude Include="ItemKind.h">
      <Filter>Header Files\Model\GameObjects\Items</Filter>
    </ClInclude>
    <ClInclude Include="ItemType.h">
      <Filter>Header Files\Model\GameObjects\Items</Filter>
    </ClInclude>
    <ClInclude Include="MainMenuState.h">
      <Filter>Header Files\States</Filter>
    </ClInclude>
    <ClInclude Include="Medkit.h">
      <Filter>Header Files\Model\GameObjects\Items</Filter>
    </ClInclude>
    <ClInclude Include="NPC.h">
      <Filter>Header Files\Model\GameObjects\Characters</Filter>
    </ClInclude>
    <ClInclude Include="NPCType.h">
      <Filter>Header Files\Model\GameObjects\Characters</Filter>
    </ClInclude>
    <ClInclude Include="Player.h">
      <Filter>Header Files\Model\GameObjects\Characters</Filter>
    </ClInclude>
    <ClInclude Include="Room.h">
      <Filter>Header Files\Model\World</Filter>
    </ClInclude>
    <ClInclude Include="Scenery.h">
      <Filter>Header Files\Model\GameObjects\Scenery</Filter>
    </ClInclude>
    <ClInclude Include="Size.h">
      <Filter>Header Files\Model\Enums</Filter>
    </ClInclude>
    <ClInclude Include="targetver.h">
      <Filter>Header Files\Bin</Filter>
    </ClInclude>
    <ClInclude Include="stdafx.h">
      <Filter>Header Files\Bin</Filter>
    </ClInclude>
    <ClInclude Include="Usable.h">
      <Filter>Header Files\Model\GameObjects\Items</Filter>
    </ClInclude>
    <ClInclude Include="Weapon.h">
      <Filter>Header Files\Model\GameObjects\Items</Filter>
    </ClInclude>
    <ClInclude Include="Wearable.h">
      <Filter>Header Files\Model\GameObjects\Items</Filter>
    </ClInclude>
    <ClInclude Include="World.h">
      <Filter>Header Files\Model\World</Filter>
    </ClInclude>
    <ClInclude Include="MapState.h">
      <Filter>Header Files\States</Filter>
    </ClInclude>
    <ClInclude Include="tinyxml2.h">
      <Filter>Header Files\Helpers</Filter>
    </ClInclude>
    <ClInclude Include="RoomType.h">
      <Filter>Header Files\Model\Enums</Filter>
    </ClInclude>
    <ClInclude Include="Options.h">
      <Filter>Header Files\Helpers</Filter>
    </ClInclude>
    <ClInclude Include="InputHandler.h">
      <Filter>Header Files\Helpers</Filter>
    </ClInclude>
    <ClInclude Include="InventoryState.h">
      <Filter>Header Files\States</Filter>
    </ClInclude>
    <ClInclude Include="Random.h">
      <Filter>Header Files\Helpers</Filter>
    </ClInclude>
    <ClInclude Include="Trap.h">
      <Filter>Header Files\Model\GameObjects\Traps</Filter>
    </ClInclude>
    <ClInclude Include="EndBoss.h">
      <Filter>Header Files\Model\GameObjects\Characters</Filter>
    </ClInclude>
    <ClInclude Include="GameOverState.h">
      <Filter>Header Files\States</Filter>
    </ClInclude>
    <ClInclude Include="CreditsState.h">
      <Filter>Header Files\States</Filter>
    </ClInclude>
  </ItemGroup>
  <ItemGroup>
    <Filter Include="Header Files">
      <UniqueIdentifier>{8a2b2c82-8c39-4e6b-80a8-cd5eaa6a3fd6}</UniqueIdentifier>
    </Filter>
    <Filter Include="Source Files">
      <UniqueIdentifier>{459b94eb-4744-449e-9fa3-271097c12e32}</UniqueIdentifier>
    </Filter>
    <Filter Include="Source Files\Model">
      <UniqueIdentifier>{d7caef6c-b3b8-4832-ab19-36a58fe8a2e4}</UniqueIdentifier>
    </Filter>
    <Filter Include="Source Files\States">
      <UniqueIdentifier>{f405ea71-5c82-41e2-a805-04e5e0d97e35}</UniqueIdentifier>
    </Filter>
    <Filter Include="Source Files\Model\World">
      <UniqueIdentifier>{293da16c-13c8-4809-8447-28fd3caba91a}</UniqueIdentifier>
    </Filter>
    <Filter Include="Source Files\Model\Enums">
      <UniqueIdentifier>{7b3c411c-f006-4d25-8510-4d332b214e78}</UniqueIdentifier>
    </Filter>
    <Filter Include="Source Files\Model\GameObjects">
      <UniqueIdentifier>{bbd5fde5-fa2b-42ba-ab40-42744823840f}</UniqueIdentifier>
    </Filter>
    <Filter Include="Source Files\Model\GameObjects\Traps">
      <UniqueIdentifier>{3e1cd268-b7b7-41f0-997f-2b68eb468083}</UniqueIdentifier>
    </Filter>
    <Filter Include="Source Files\Model\GameObjects\Scenery">
      <UniqueIdentifier>{b818a84c-ca2e-45ac-9933-40912c5a7515}</UniqueIdentifier>
    </Filter>
    <Filter Include="Source Files\Model\GameObjects\Items">
      <UniqueIdentifier>{e7e28b07-b412-42c0-9b62-c06bb3bfdd20}</UniqueIdentifier>
    </Filter>
    <Filter Include="Source Files\Model\GameObjects\Characters">
      <UniqueIdentifier>{fedd2f6f-d778-4772-b69f-2d9cdff705d1}</UniqueIdentifier>
    </Filter>
    <Filter Include="Source Files\Bin">
      <UniqueIdentifier>{32d96a59-45c3-4bb3-b9de-003f8fd756e0}</UniqueIdentifier>
    </Filter>
    <Filter Include="Source Files\Helpers">
      <UniqueIdentifier>{db5769d1-1192-4ef7-b09a-589c95858d94}</UniqueIdentifier>
    </Filter>
    <Filter Include="Header Files\Model">
      <UniqueIdentifier>{efa9c469-5540-4417-bc45-299d4831499b}</UniqueIdentifier>
    </Filter>
    <Filter Include="Header Files\Bin">
      <UniqueIdentifier>{8990a468-131b-4367-a5da-5b55f8091f2b}</UniqueIdentifier>
    </Filter>
    <Filter Include="Header Files\Helpers">
      <UniqueIdentifier>{f561bb18-2d77-4c64-85fa-531eaf2c173a}</UniqueIdentifier>
    </Filter>
    <Filter Include="Header Files\States">
      <UniqueIdentifier>{f813bf6e-1fc9-4b99-beec-e593b9b58d52}</UniqueIdentifier>
    </Filter>
    <Filter Include="Header Files\Model\GameObjects">
      <UniqueIdentifier>{1be3410e-e462-4f22-8116-00d419727e55}</UniqueIdentifier>
    </Filter>
    <Filter Include="Header Files\Model\World">
      <UniqueIdentifier>{3530d414-2c74-4585-ab88-04a705e8fe28}</UniqueIdentifier>
    </Filter>
    <Filter Include="Header Files\Model\GameObjects\Items">
      <UniqueIdentifier>{d833132e-1f74-49ce-bd42-98d53f338d99}</UniqueIdentifier>
    </Filter>
    <Filter Include="Header Files\Model\GameObjects\Scenery">
      <UniqueIdentifier>{ffa378f2-a56f-4fba-b57f-71c2aa03c16e}</UniqueIdentifier>
    </Filter>
    <Filter Include="Header Files\Model\GameObjects\Traps">
      <UniqueIdentifier>{95785fe6-236e-46f1-9cc7-c516536067f0}</UniqueIdentifier>
    </Filter>
    <Filter Include="Header Files\Model\GameObjects\Characters">
      <UniqueIdentifier>{bdec4673-57c5-4ba9-8b5f-f918e902a28a}</UniqueIdentifier>
    </Filter>
    <Filter Include="Header Files\Model\Enums">
      <UniqueIdentifier>{b6c36bd0-1edb-4ea1-88c0-0c7cf77654a7}</UniqueIdentifier>
    </Filter>
  </ItemGroup>
  <ItemGroup>
    <Text Include="ReadMe.txt">
      <Filter>Header Files\Bin</Filter>
    </Text>
  </ItemGroup>
</Project>