<?xml version="1.0" encoding="utf-8"?>
<Project ToolsVersion="4.0" xmlns="http://schemas.microsoft.com/developer/msbuild/2003">
  <ItemGroup>
    <ClCompile Include="..\..\..\..\..\Desktop\tinyxml2-master\tinyxml2-master\tinyxml2.cpp" />
    <ClCompile Include="Armor.cpp" />
    <ClCompile Include="Character.cpp" />
    <ClCompile Include="ExploringState.cpp" />
    <ClCompile Include="FightingState.cpp" />
    <ClCompile Include="Floor.cpp" />
    <ClCompile Include="Game.cpp" />
    <ClCompile Include="GameObject.cpp" />
    <ClCompile Include="GameState.cpp" />
    <ClCompile Include="GameStateManager.cpp" />
    <ClCompile Include="Item.cpp" />
    <ClCompile Include="MainMenuState.cpp" />
    <ClCompile Include="Map.cpp" />
    <ClCompile Include="Medkit.cpp" />
    <ClCompile Include="NPC.cpp" />
    <ClCompile Include="NPCType.cpp" />
    <ClCompile Include="Player.cpp" />
    <ClCompile Include="Room.cpp" />
    <ClCompile Include="Scenery.cpp" />
    <ClCompile Include="stdafx.cpp" />
    <ClCompile Include="TempleOfDoom.cpp" />
    <ClCompile Include="Trap.cpp" />
    <ClCompile Include="Usable.cpp" />
    <ClCompile Include="Weapon.cpp" />
    <ClCompile Include="Wearable.cpp" />
    <ClCompile Include="World.cpp" />
    <ClCompile Include="GameObjectFactory.cpp" />
    <ClCompile Include="ItemType.cpp" />
  </ItemGroup>
  <ItemGroup>
    <ClInclude Include="..\..\..\..\..\Desktop\tinyxml2-master\tinyxml2-master\tinyxml2.h" />
    <ClInclude Include="Armor.h" />
    <ClInclude Include="Character.h" />
    <ClInclude Include="Direction.h" />
    <ClInclude Include="ExploringState.h" />
    <ClInclude Include="FightingState.h" />
    <ClInclude Include="Floor.h" />
    <ClInclude Include="Game.h" />
    <ClInclude Include="GameObject.h" />
    <ClInclude Include="GameState.h" />
    <ClInclude Include="GameStateManager.h" />
    <ClInclude Include="Item.h" />
    <ClInclude Include="MainMenuState.h" />
    <ClInclude Include="Map.h" />
    <ClInclude Include="Medkit.h" />
    <ClInclude Include="NPC.h" />
    <ClInclude Include="NPCType.h" />
    <ClInclude Include="Player.h" />
    <ClInclude Include="Room.h" />
    <ClInclude Include="Scenery.h" />
    <ClInclude Include="Size.h" />
    <ClInclude Include="stdafx.h" />
    <ClInclude Include="targetver.h" />
    <ClInclude Include="Trap.h" />
    <ClInclude Include="Usable.h" />
    <ClInclude Include="Weapon.h" />
    <ClInclude Include="Wearable.h" />
    <ClInclude Include="World.h" />
    <ClInclude Include="GameObjectFactory.h" />
    <ClInclude Include="ItemType.h" />
    <ClInclude Include="ItemKind.h" />
  </ItemGroup>
  <ItemGroup>
    <Text Include="ReadMe.txt" />
  </ItemGroup>
</Project>